
Microsoft Visual Studio Solution File, Format Version 12.00
# Visual Studio Version 16
VisualStudioVersion = 16.0.30503.244
MinimumVisualStudioVersion = 10.0.40219.1
Project("{9A19103F-16F7-4668-BE54-9A1E7A4F7556}") = "CarvedRockFitnessApi", "CarvedRockFitnessApi\CarvedRockFitnessApi.csproj", "{2B68F0E3-4E97-4046-8671-06ECF1BAAAE9}"
EndProject
Project("{9A19103F-16F7-4668-BE54-9A1E7A4F7556}") = "CarvedRockFitnessApi.UnitTest", "CarvedRockFitnessApi.UnitTest\CarvedRockFitnessApi.UnitTest.csproj", "{F2FA1A38-27DE-4C3B-89B8-D94A2E866CB1}"
EndProject
Global
	GlobalSection(SolutionConfigurationPlatforms) = preSolution
		Debug|Any CPU = Debug|Any CPU
		Release|Any CPU = Release|Any CPU
	EndGlobalSection
	GlobalSection(ProjectConfigurationPlatforms) = postSolution
		{2B68F0E3-4E97-4046-8671-06ECF1BAAAE9}.Debug|Any CPU.ActiveCfg = Debug|Any CPU
		{2B68F0E3-4E97-4046-8671-06ECF1BAAAE9}.Debug|Any CPU.Build.0 = Debug|Any CPU
		{2B68F0E3-4E97-4046-8671-06ECF1BAAAE9}.Release|Any CPU.ActiveCfg = Release|Any CPU
		{2B68F0E3-4E97-4046-8671-06ECF1BAAAE9}.Release|Any CPU.Build.0 = Release|Any CPU
		{F2FA1A38-27DE-4C3B-89B8-D94A2E866CB1}.Debug|Any CPU.ActiveCfg = Debug|Any CPU
		{F2FA1A38-27DE-4C3B-89B8-D94A2E866CB1}.Debug|Any CPU.Build.0 = Debug|Any CPU
		{F2FA1A38-27DE-4C3B-89B8-D94A2E866CB1}.Release|Any CPU.ActiveCfg = Release|Any CPU
		{F2FA1A38-27DE-4C3B-89B8-D94A2E866CB1}.Release|Any CPU.Build.0 = Release|Any CPU
	EndGlobalSection
	GlobalSection(SolutionProperties) = preSolution
		HideSolutionNode = FALSE
	EndGlobalSection
	GlobalSection(ExtensibilityGlobals) = postSolution
		SolutionGuid = {44088BF1-CCFE-45BA-A638-982211DA42D8}
	EndGlobalSection
EndGlobal
